
Microsoft Visual Studio Solution File, Format Version 12.00
# Visual Studio Version 17
VisualStudioVersion = 17.7.34031.279
MinimumVisualStudioVersion = 10.0.40219.1
Project("{9A19103F-16F7-4668-BE54-9A1E7A4F7556}") = "MobFDB", "MobFDB.csproj", "{2A5615F5-42C9-43FF-8BD4-00D8C4A864F2}"
EndProject
Global
	GlobalSection(SolutionConfigurationPlatforms) = preSolution
		Debug|Any CPU = Debug|Any CPU
		Release|Any CPU = Release|Any CPU
	EndGlobalSection
	GlobalSection(ProjectConfigurationPlatforms) = postSolution
		{2A5615F5-42C9-43FF-8BD4-00D8C4A864F2}.Debug|Any CPU.ActiveCfg = Debug|Any CPU
		{2A5615F5-42C9-43FF-8BD4-00D8C4A864F2}.Debug|Any CPU.Build.0 = Debug|Any CPU
		{2A5615F5-42C9-43FF-8BD4-00D8C4A864F2}.Release|Any CPU.ActiveCfg = Release|Any CPU
		{2A5615F5-42C9-43FF-8BD4-00D8C4A864F2}.Release|Any CPU.Build.0 = Release|Any CPU
	EndGlobalSection
	GlobalSection(SolutionProperties) = preSolution
		HideSolutionNode = FALSE
	EndGlobalSection
	GlobalSection(ExtensibilityGlobals) = postSolution
		SolutionGuid = {8F567E4A-10ED-4802-8338-1988D7FAC478}
	EndGlobalSection
EndGlobal
